
Microsoft Visual Studio Solution File, Format Version 12.00
# Visual Studio 15
VisualStudioVersion = 15.0.28307.705
MinimumVisualStudioVersion = 10.0.40219.1
Project("{FAE04EC0-301F-11D3-BF4B-00C04F79EFBC}") = "BelediyeUlasimProjesi", "BelediyeUlasimProjesi\BelediyeUlasimProjesi.csproj", "{3BF06F1A-BA90-430E-9397-37815A61D51D}"
EndProject
Project("{FAE04EC0-301F-11D3-BF4B-00C04F79EFBC}") = "BelediyeUlasimProjesi.Data", "BelediyeUlasimProjesi.Data\BelediyeUlasimProjesi.Data.csproj", "{98A85F5F-BC9C-44F3-B8D5-6AB18179D254}"
EndProject
Global
	GlobalSection(SolutionConfigurationPlatforms) = preSolution
		Debug|Any CPU = Debug|Any CPU
		Release|Any CPU = Release|Any CPU
	EndGlobalSection
	GlobalSection(ProjectConfigurationPlatforms) = postSolution
		{3BF06F1A-BA90-430E-9397-37815A61D51D}.Debug|Any CPU.ActiveCfg = Debug|Any CPU
		{3BF06F1A-BA90-430E-9397-37815A61D51D}.Debug|Any CPU.Build.0 = Debug|Any CPU
		{3BF06F1A-BA90-430E-9397-37815A61D51D}.Release|Any CPU.ActiveCfg = Release|Any CPU
		{3BF06F1A-BA90-430E-9397-37815A61D51D}.Release|Any CPU.Build.0 = Release|Any CPU
		{98A85F5F-BC9C-44F3-B8D5-6AB18179D254}.Debug|Any CPU.ActiveCfg = Debug|Any CPU
		{98A85F5F-BC9C-44F3-B8D5-6AB18179D254}.Debug|Any CPU.Build.0 = Debug|Any CPU
		{98A85F5F-BC9C-44F3-B8D5-6AB18179D254}.Release|Any CPU.ActiveCfg = Release|Any CPU
		{98A85F5F-BC9C-44F3-B8D5-6AB18179D254}.Release|Any CPU.Build.0 = Release|Any CPU
	EndGlobalSection
	GlobalSection(SolutionProperties) = preSolution
		HideSolutionNode = FALSE
	EndGlobalSection
	GlobalSection(ExtensibilityGlobals) = postSolution
		SolutionGuid = {C1C0D149-2C0B-474A-8588-008D588DB412}
	EndGlobalSection
EndGlobal
